
Microsoft Visual Studio Solution File, Format Version 12.00
# Visual Studio Version 16
VisualStudioVersion = 16.0.31205.134
MinimumVisualStudioVersion = 10.0.40219.1
Project("{9A19103F-16F7-4668-BE54-9A1E7A4F7556}") = "Baccarat", "Baccarat\Baccarat.csproj", "{F5620893-4808-4FFB-BB8F-50E638F5ECE0}"
EndProject
Project("{9A19103F-16F7-4668-BE54-9A1E7A4F7556}") = "BaccaratGame", "BaccaratGame\BaccaratGame.csproj", "{BCAFF338-F86F-4C18-9B42-30C28B878A38}"
EndProject
Project("{FAE04EC0-301F-11D3-BF4B-00C04F79EFBC}") = "BaccaratGameTests", "BaccaratGameTests\BaccaratGameTests.csproj", "{D6ECFDA3-9B4E-4106-922A-DA8A5D68D97D}"
EndProject
Global
	GlobalSection(SolutionConfigurationPlatforms) = preSolution
		Debug|Any CPU = Debug|Any CPU
		Release|Any CPU = Release|Any CPU
	EndGlobalSection
	GlobalSection(ProjectConfigurationPlatforms) = postSolution
		{F5620893-4808-4FFB-BB8F-50E638F5ECE0}.Debug|Any CPU.ActiveCfg = Debug|Any CPU
		{F5620893-4808-4FFB-BB8F-50E638F5ECE0}.Debug|Any CPU.Build.0 = Debug|Any CPU
		{F5620893-4808-4FFB-BB8F-50E638F5ECE0}.Release|Any CPU.ActiveCfg = Release|Any CPU
		{F5620893-4808-4FFB-BB8F-50E638F5ECE0}.Release|Any CPU.Build.0 = Release|Any CPU
		{BCAFF338-F86F-4C18-9B42-30C28B878A38}.Debug|Any CPU.ActiveCfg = Debug|Any CPU
		{BCAFF338-F86F-4C18-9B42-30C28B878A38}.Debug|Any CPU.Build.0 = Debug|Any CPU
		{BCAFF338-F86F-4C18-9B42-30C28B878A38}.Release|Any CPU.ActiveCfg = Release|Any CPU
		{BCAFF338-F86F-4C18-9B42-30C28B878A38}.Release|Any CPU.Build.0 = Release|Any CPU
		{D6ECFDA3-9B4E-4106-922A-DA8A5D68D97D}.Debug|Any CPU.ActiveCfg = Debug|Any CPU
		{D6ECFDA3-9B4E-4106-922A-DA8A5D68D97D}.Debug|Any CPU.Build.0 = Debug|Any CPU
		{D6ECFDA3-9B4E-4106-922A-DA8A5D68D97D}.Release|Any CPU.ActiveCfg = Release|Any CPU
		{D6ECFDA3-9B4E-4106-922A-DA8A5D68D97D}.Release|Any CPU.Build.0 = Release|Any CPU
	EndGlobalSection
	GlobalSection(SolutionProperties) = preSolution
		HideSolutionNode = FALSE
	EndGlobalSection
	GlobalSection(ExtensibilityGlobals) = postSolution
		SolutionGuid = {7D4BCB4F-A464-4D01-AAF4-665F69B9A1F3}
	EndGlobalSection
EndGlobal
